lockfileVersion: '9.0'

settings:
  autoInstallPeers: true
  excludeLinksFromLockfile: false

importers:

  .:
    dependencies:
      '@nestjs/swagger':
        specifier: ^8.0.4
        version: 8.0.4(@nestjs/common@10.4.7(reflect-metadata@0.2.2)(rxjs@7.8.1))(@nestjs/core@10.4.7(@nestjs/common@10.4.7(reflect-metadata@0.2.2)(rxjs@7.8.1))(reflect-metadata@0.2.2)(rxjs@7.8.1))(reflect-metadata@0.2.2)
      concurrently:
        specifier: ^9.1.0
        version: 9.1.0

packages:

  '@lukeed/csprng@1.1.0':
    resolution: {integrity: sha512-Z7C/xXCiGWsg0KuKsHTKJxbWhpI3Vs5GwLfOean7MGyVFGqdRgBbAjOCh6u4bbjPc/8MJ2pZmK/0DLdCbivLDA==}
    engines: {node: '>=8'}

  '@microsoft/tsdoc@0.15.0':
    resolution: {integrity: sha512-HZpPoABogPvjeJOdzCOSJsXeL/SMCBgBZMVC3X3d7YYp2gf31MfxhUoYUNwf1ERPJOnQc0wkFn9trqI6ZEdZuA==}

  '@nestjs/common@10.4.7':
    resolution: {integrity: sha512-gIOpjD3Mx8gfYGxYm/RHPcJzqdknNNFCyY+AxzBT3gc5Xvvik1Dn5OxaMGw5EbVfhZgJKVP0n83giUOAlZQe7w==}
    peerDependencies:
      class-transformer: '*'
      class-validator: '*'
      reflect-metadata: ^0.1.12 || ^0.2.0
      rxjs: ^7.1.0
    peerDependenciesMeta:
      class-transformer:
        optional: true
      class-validator:
        optional: true

  '@nestjs/core@10.4.7':
    resolution: {integrity: sha512-AIpQzW/vGGqSLkKvll1R7uaSNv99AxZI2EFyVJPNGDgFsfXaohfV1Ukl6f+s75Km+6Fj/7aNl80EqzNWQCS8Ig==}
    peerDependencies:
      '@nestjs/common': ^10.0.0
      '@nestjs/microservices': ^10.0.0
      '@nestjs/platform-express': ^10.0.0
      '@nestjs/websockets': ^10.0.0
      reflect-metadata: ^0.1.12 || ^0.2.0
      rxjs: ^7.1.0
    peerDependenciesMeta:
      '@nestjs/microservices':
        optional: true
      '@nestjs/platform-express':
        optional: true
      '@nestjs/websockets':
        optional: true

  '@nestjs/mapped-types@2.0.5':
    resolution: {integrity: sha512-bSJv4pd6EY99NX9CjBIyn4TVDoSit82DUZlL4I3bqNfy5Gt+gXTa86i3I/i0iIV9P4hntcGM5GyO+FhZAhxtyg==}
    peerDependencies:
      '@nestjs/common': ^8.0.0 || ^9.0.0 || ^10.0.0
      class-transformer: ^0.4.0 || ^0.5.0
      class-validator: ^0.13.0 || ^0.14.0
      reflect-metadata: ^0.1.12 || ^0.2.0
    peerDependenciesMeta:
      class-transformer:
        optional: true
      class-validator:
        optional: true

  '@nestjs/swagger@8.0.4':
    resolution: {integrity: sha512-XgcxrlToiiTIrJcgXLbN1IkmzGQVE1R3Xv9Rhnvd99EKKhKAe3KiDCGtp1utwhmn4FXoE4e31HC9LKRgAIbIeg==}
    peerDependencies:
      '@fastify/static': ^6.0.0 || ^7.0.0
      '@nestjs/common': ^9.0.0 || ^10.0.0
      '@nestjs/core': ^9.0.0 || ^10.0.0
      class-transformer: '*'
      class-validator: '*'
      reflect-metadata: ^0.1.12 || ^0.2.0
    peerDependenciesMeta:
      '@fastify/static':
        optional: true
      class-transformer:
        optional: true
      class-validator:
        optional: true

  '@nuxtjs/opencollective@0.3.2':
    resolution: {integrity: sha512-um0xL3fO7Mf4fDxcqx9KryrB7zgRM5JSlvGN5AGkP6JLM5XEKyjeAiPbNxdXVXQ16isuAhYpvP88NgL2BGd6aA==}
    engines: {node: '>=8.0.0', npm: '>=5.0.0'}
    hasBin: true

  '@scarf/scarf@1.4.0':
    resolution: {integrity: sha512-xxeapPiUXdZAE3che6f3xogoJPeZgig6omHEy1rIY5WVsB3H2BHNnZH+gHG6x91SCWyQCzWGsuL2Hh3ClO5/qQ==}

  ansi-regex@5.0.1:
    resolution: {integrity: sha512-quJQXlTSUGL2LH9SUXo8VwsY4soanhgo6LNSm84E1LBcE8s3O0wpdiRzyR9z/ZZJMlMWv37qOOb9pdJlMUEKFQ==}
    engines: {node: '>=8'}

  ansi-styles@4.3.0:
    resolution: {integrity: sha512-zbB9rCJAT1rbjiVDb2hqKFHNYLxgtk8NURxZ3IZwD3F6NtxbXZQCnnSi1Lkx+IDohdPlFp222wVALIheZJQSEg==}
    engines: {node: '>=8'}

  argparse@2.0.1:
    resolution: {integrity: sha512-8+9WqebbFzpX9OR+Wa6O29asIogeRMzcGtAINdpMHHyAg10f05aSFVBbcEqGf/PXw1EjAZ+q2/bEBg3DvurK3Q==}

  chalk@4.1.2:
    resolution: {integrity: sha512-oKnbhFyRIXpUuez8iBMmyEa4nbj4IOQyuhc/wy9kY7/WVPcwIO9VA668Pu8RkO7+0G76SLROeyw9CpQ061i4mA==}
    engines: {node: '>=10'}

  cliui@8.0.1:
    resolution: {integrity: sha512-BSeNnyus75C4//NQ9gQt1/csTXyo/8Sb+afLAkzAptFuMsod9HFokGNudZpi/oQV73hnVK+sR+5PVRMd+Dr7YQ==}
    engines: {node: '>=12'}

  color-convert@2.0.1:
    resolution: {integrity: sha512-RRECPsj7iu/xb5oKYcsFHSppFNnsj/52OVTRKb4zP5onXwVF3zVmmToNcOfGC+CRDpfK/U584fMg38ZHCaElKQ==}
    engines: {node: '>=7.0.0'}

  color-name@1.1.4:
    resolution: {integrity: sha512-dOy+3AuW3a2wNbZHIuMZpTcgjGuLU/uBL/ubcZF9OXbDo8ff4O8yVp5Bf0efS8uEoYo5q4Fx7dY9OgQGXgAsQA==}

  concurrently@9.1.0:
    resolution: {integrity: sha512-VxkzwMAn4LP7WyMnJNbHN5mKV9L2IbyDjpzemKr99sXNR3GqRNMMHdm7prV1ws9wg7ETj6WUkNOigZVsptwbgg==}
    engines: {node: '>=18'}
    hasBin: true

  consola@2.15.3:
    resolution: {integrity: sha512-9vAdYbHj6x2fLKC4+oPH0kFzY/orMZyG2Aj+kNylHxKGJ/Ed4dpNyAQYwJOdqO4zdM7XpVHmyejQDcQHrnuXbw==}

  emoji-regex@8.0.0:
    resolution: {integrity: sha512-MSjYzcWNOA0ewAHpz0MxpYFvwg6yjy1NG3xteoqz644VCo/RPgnr1/GGt+ic3iJTzQ8Eu3TdM14SawnVUmGE6A==}

  escalade@3.2.0:
    resolution: {integrity: sha512-WUj2qlxaQtO4g6Pq5c29GTcWGDyd8itL8zTlipgECz3JesAiiOKotd8JU6otB3PACgG6xkJUyVhboMS+bje/jA==}
    engines: {node: '>=6'}

  fast-safe-stringify@2.1.1:
    resolution: {integrity: sha512-W+KJc2dmILlPplD/H4K9l9LcAHAfPtP6BY84uVLXQ6Evcz9Lcg33Y2z1IVblT6xdY54PXYVHEv+0Wpq8Io6zkA==}

  get-caller-file@2.0.5:
    resolution: {integrity: sha512-DyFP3BM/3YHTQOCUL/w0OZHR0lpKeGrxotcHWcqNEdnltqFwXVfhEBQ94eIo34AfQpo0rGki4cyIiftY06h2Fg==}
    engines: {node: 6.* || 8.* || >= 10.*}

  has-flag@4.0.0:
    resolution: {integrity: sha512-EykJT/Q1KjTWctppgIAgfSO0tKVuZUjhgMr17kqTumMl6Afv3EISleU7qZUzoXDFTAHTDC4NOoG/ZxU3EvlMPQ==}
    engines: {node: '>=8'}

  is-fullwidth-code-point@3.0.0:
    resolution: {integrity: sha512-zymm5+u+sCsSWyD9qNaejV3DFvhCKclKdizYaJUuHA83RLjb7nSuGnddCHGv0hk+KY7BMAlsWeK4Ueg6EV6XQg==}
    engines: {node: '>=8'}

  iterare@1.2.1:
    resolution: {integrity: sha512-RKYVTCjAnRthyJes037NX/IiqeidgN1xc3j1RjFfECFp28A1GVwK9nA+i0rJPaHqSZwygLzRnFlzUuHFoWWy+Q==}
    engines: {node: '>=6'}

  js-yaml@4.1.0:
    resolution: {integrity: sha512-wpxZs9NoxZaJESJGIZTyDEaYpl0FKSA+FB9aJiyemKhMwkxQg63h4T1KJgUGHpTqPDNRcmmYLugrRjJlBtWvRA==}
    hasBin: true

  lodash@4.17.21:
    resolution: {integrity: sha512-v2kDEe57lecTulaDIuNTPy3Ry4gLGJ6Z1O3vE1krgXZNrsQ+LFTGHVxVjcXPs17LhbZVGedAJv8XZ1tvj5FvSg==}

  node-fetch@2.7.0:
    resolution: {integrity: sha512-c4FRfUm/dbcWZ7U+1Wq0AwCyFL+3nt2bEw05wfxSz+DWpWsitgmSgYmy2dQdWyKC1694ELPqMs/YzUSNozLt8A==}
    engines: {node: 4.x || >=6.0.0}
    peerDependencies:
      encoding: ^0.1.0
    peerDependenciesMeta:
      encoding:
        optional: true

  path-to-regexp@3.3.0:
    resolution: {integrity: sha512-qyCH421YQPS2WFDxDjftfc1ZR5WKQzVzqsp4n9M2kQhVOo/ByahFoUNJfl58kOcEGfQ//7weFTDhm+ss8Ecxgw==}

  reflect-metadata@0.2.2:
    resolution: {integrity: sha512-urBwgfrvVP/eAyXx4hluJivBKzuEbSQs9rKWCrCkbSxNv8mxPcUZKeuoF3Uy4mJl3Lwprp6yy5/39VWigZ4K6Q==}

  require-directory@2.1.1:
    resolution: {integrity: sha512-fGxEI7+wsG9xrvdjsrlmL22OMTTiHRwAMroiEeMgq8gzoLC/PQr7RsRDSTLUg/bZAZtF+TVIkHc6/4RIKrui+Q==}
    engines: {node: '>=0.10.0'}

  rxjs@7.8.1:
    resolution: {integrity: sha512-AA3TVj+0A2iuIoQkWEK/tqFjBq2j+6PO6Y0zJcvzLAFhEFIO3HL0vls9hWLncZbAAbK0mar7oZ4V079I/qPMxg==}

  shell-quote@1.8.1:
    resolution: {integrity: sha512-6j1W9l1iAs/4xYBI1SYOVZyFcCis9b4KCLQ8fgAGG07QvzaRLVVRQvAy85yNmmZSjYjg4MWh4gNvlPujU/5LpA==}

  string-width@4.2.3:
    resolution: {integrity: sha512-wKyQRQpjJ0sIp62ErSZdGsjMJWsap5oRNihHhu6G7JVO/9jIB6UyevL+tXuOqrng8j/cxKTWyWUwvSTriiZz/g==}
    engines: {node: '>=8'}

  strip-ansi@6.0.1:
    resolution: {integrity: sha512-Y38VPSHcqkFrCpFnQ9vuSXmquuv5oXOKpGeT6aGrr3o3Gc9AlVa6JBfUSOCnbxGGZF+/0ooI7KrPuUSztUdU5A==}
    engines: {node: '>=8'}

  supports-color@7.2.0:
    resolution: {integrity: sha512-qpCAvRl9stuOHveKsn7HncJRvv501qIacKzQlO/+Lwxc9+0q2wLyv4Dfvt80/DPn2pqOBsJdDiogXGR9+OvwRw==}
    engines: {node: '>=8'}

  supports-color@8.1.1:
    resolution: {integrity: sha512-MpUEN2OodtUzxvKQl72cUF7RQ5EiHsGvSsVG0ia9c5RbWGL2CI4C7EpPS8UTBIplnlzZiNuV56w+FuNxy3ty2Q==}
    engines: {node: '>=10'}

  swagger-ui-dist@5.18.2:
    resolution: {integrity: sha512-J+y4mCw/zXh1FOj5wGJvnAajq6XgHOyywsa9yITmwxIlJbMqITq3gYRZHaeqLVH/eV/HOPphE6NjF+nbSNC5Zw==}

  tr46@0.0.3:
    resolution: {integrity: sha512-N3WMsuqV66lT30CrXNbEjx4GEwlow3v6rr4mCcv6prnfwhS01rkgyFdjPNBYd9br7LpXV1+Emh01fHnq2Gdgrw==}

  tree-kill@1.2.2:
    resolution: {integrity: sha512-L0Orpi8qGpRG//Nd+H90vFB+3iHnue1zSSGmNOOCh1GLJ7rUKVwV2HvijphGQS2UmhUZewS9VgvxYIdgr+fG1A==}
    hasBin: true

  tslib@2.7.0:
    resolution: {integrity: sha512-gLXCKdN1/j47AiHiOkJN69hJmcbGTHI0ImLmbYLHykhgeN0jVGola9yVjFgzCUklsZQMW55o+dW7IXv3RCXDzA==}

  tslib@2.8.1:
    resolution: {integrity: sha512-oJFu94HQb+KVduSUQL7wnpmqnfmLsOA/nAh6b6EH0wCEoK0/mPeXU6c3wKDV83MkOuHPRHtSXKKU99IBazS/2w==}

  uid@2.0.2:
    resolution: {integrity: sha512-u3xV3X7uzvi5b1MncmZo3i2Aw222Zk1keqLA1YkHldREkAhAqi65wuPfe7lHx8H/Wzy+8CE7S7uS3jekIM5s8g==}
    engines: {node: '>=8'}

  webidl-conversions@3.0.1:
    resolution: {integrity: sha512-2JAn3z8AR6rjK8Sm8orRC0h/bcl/DqL7tRPdGZ4I1CjdF+EaMLmYxBHyXuKL849eucPFhvBoxMsflfOb8kxaeQ==}

  whatwg-url@5.0.0:
    resolution: {integrity: sha512-saE57nupxk6v3HY35+jzBwYa0rKSy0XR8JSxZPwgLr7ys0IBzhGviA1/TUGJLmSVqs8pb9AnvICXEuOHLprYTw==}

  wrap-ansi@7.0.0:
    resolution: {integrity: sha512-YVGIj2kamLSTxw6NsZjoBxfSwsn0ycdesmc4p+Q21c5zPuZ1pl+NfxVdxPtdHvmNVOQ6XSYG4AUtyt/Fi7D16Q==}
    engines: {node: '>=10'}

  y18n@5.0.8:
    resolution: {integrity: sha512-0pfFzegeDWJHJIAmTLRP2DwHjdF5s7jo9tuztdQxAhINCdvS+3nGINqPd00AphqJR/0LhANUS6/+7SCb98YOfA==}
    engines: {node: '>=10'}

  yargs-parser@21.1.1:
    resolution: {integrity: sha512-tVpsJW7DdjecAiFpbIB1e3qxIQsE6NoPc5/eTdrbbIC4h0LVsWhnoa3g+m2HclBIujHzsxZ4VJVA+GUuc2/LBw==}
    engines: {node: '>=12'}

  yargs@17.7.2:
    resolution: {integrity: sha512-7dSzzRQ++CKnNI/krKnYRV7JKKPUXMEh61soaHKg9mrWEhzFWhFnxPxGl+69cD1Ou63C13NUPCnmIcrvqCuM6w==}
    engines: {node: '>=12'}

snapshots:

  '@lukeed/csprng@1.1.0': {}

  '@microsoft/tsdoc@0.15.0': {}

  '@nestjs/common@10.4.7(reflect-metadata@0.2.2)(rxjs@7.8.1)':
    dependencies:
      iterare: 1.2.1
      reflect-metadata: 0.2.2
      rxjs: 7.8.1
      tslib: 2.7.0
      uid: 2.0.2

  '@nestjs/core@10.4.7(@nestjs/common@10.4.7(reflect-metadata@0.2.2)(rxjs@7.8.1))(reflect-metadata@0.2.2)(rxjs@7.8.1)':
    dependencies:
      '@nestjs/common': 10.4.7(reflect-metadata@0.2.2)(rxjs@7.8.1)
      '@nuxtjs/opencollective': 0.3.2
      fast-safe-stringify: 2.1.1
      iterare: 1.2.1
      path-to-regexp: 3.3.0
      reflect-metadata: 0.2.2
      rxjs: 7.8.1
      tslib: 2.7.0
      uid: 2.0.2
    transitivePeerDependencies:
      - encoding

  '@nestjs/mapped-types@2.0.5(@nestjs/common@10.4.7(reflect-metadata@0.2.2)(rxjs@7.8.1))(reflect-metadata@0.2.2)':
    dependencies:
      '@nestjs/common': 10.4.7(reflect-metadata@0.2.2)(rxjs@7.8.1)
      reflect-metadata: 0.2.2

  '@nestjs/swagger@8.0.4(@nestjs/common@10.4.7(reflect-metadata@0.2.2)(rxjs@7.8.1))(@nestjs/core@10.4.7(@nestjs/common@10.4.7(reflect-metadata@0.2.2)(rxjs@7.8.1))(reflect-metadata@0.2.2)(rxjs@7.8.1))(reflect-metadata@0.2.2)':
    dependencies:
      '@microsoft/tsdoc': 0.15.0
      '@nestjs/common': 10.4.7(reflect-metadata@0.2.2)(rxjs@7.8.1)
      '@nestjs/core': 10.4.7(@nestjs/common@10.4.7(reflect-metadata@0.2.2)(rxjs@7.8.1))(reflect-metadata@0.2.2)(rxjs@7.8.1)
      '@nestjs/mapped-types': 2.0.5(@nestjs/common@10.4.7(reflect-metadata@0.2.2)(rxjs@7.8.1))(reflect-metadata@0.2.2)
      js-yaml: 4.1.0
      lodash: 4.17.21
      path-to-regexp: 3.3.0
      reflect-metadata: 0.2.2
      swagger-ui-dist: 5.18.2

  '@nuxtjs/opencollective@0.3.2':
    dependencies:
      chalk: 4.1.2
      consola: 2.15.3
      node-fetch: 2.7.0
    transitivePeerDependencies:
      - encoding

  '@scarf/scarf@1.4.0': {}

  ansi-regex@5.0.1: {}

  ansi-styles@4.3.0:
    dependencies:
      color-convert: 2.0.1

  argparse@2.0.1: {}

  chalk@4.1.2:
    dependencies:
      ansi-styles: 4.3.0
      supports-color: 7.2.0

  cliui@8.0.1:
    dependencies:
      string-width: 4.2.3
      strip-ansi: 6.0.1
      wrap-ansi: 7.0.0

  color-convert@2.0.1:
    dependencies:
      color-name: 1.1.4

  color-name@1.1.4: {}

  concurrently@9.1.0:
    dependencies:
      chalk: 4.1.2
      lodash: 4.17.21
      rxjs: 7.8.1
      shell-quote: 1.8.1
      supports-color: 8.1.1
      tree-kill: 1.2.2
      yargs: 17.7.2

  consola@2.15.3: {}

  emoji-regex@8.0.0: {}

  escalade@3.2.0: {}

  fast-safe-stringify@2.1.1: {}

  get-caller-file@2.0.5: {}

  has-flag@4.0.0: {}

  is-fullwidth-code-point@3.0.0: {}

  iterare@1.2.1: {}

  js-yaml@4.1.0:
    dependencies:
      argparse: 2.0.1

  lodash@4.17.21: {}

  node-fetch@2.7.0:
    dependencies:
      whatwg-url: 5.0.0

  path-to-regexp@3.3.0: {}

  reflect-metadata@0.2.2: {}

  require-directory@2.1.1: {}

  rxjs@7.8.1:
    dependencies:
      tslib: 2.8.1

  shell-quote@1.8.1: {}

  string-width@4.2.3:
    dependencies:
      emoji-regex: 8.0.0
      is-fullwidth-code-point: 3.0.0
      strip-ansi: 6.0.1

  strip-ansi@6.0.1:
    dependencies:
      ansi-regex: 5.0.1

  supports-color@7.2.0:
    dependencies:
      has-flag: 4.0.0

  supports-color@8.1.1:
    dependencies:
      has-flag: 4.0.0

  swagger-ui-dist@5.18.2:
    dependencies:
      '@scarf/scarf': 1.4.0

  tr46@0.0.3: {}

  tree-kill@1.2.2: {}

  tslib@2.7.0: {}

  tslib@2.8.1: {}

  uid@2.0.2:
    dependencies:
      '@lukeed/csprng': 1.1.0

  webidl-conversions@3.0.1: {}

  whatwg-url@5.0.0:
    dependencies:
      tr46: 0.0.3
      webidl-conversions: 3.0.1

  wrap-ansi@7.0.0:
    dependencies:
      ansi-styles: 4.3.0
      string-width: 4.2.3
      strip-ansi: 6.0.1

  y18n@5.0.8: {}

  yargs-parser@21.1.1: {}

  yargs@17.7.2:
    dependencies:
      cliui: 8.0.1
      escalade: 3.2.0
      get-caller-file: 2.0.5
      require-directory: 2.1.1
      string-width: 4.2.3
      y18n: 5.0.8
      yargs-parser: 21.1.1
